// !$*UTF8*$!
{
	archiveVersion = 1;
	classes = {
	};
	objectVersion = 46;
	objects = {

/* Begin PBXBuildFile section */
		C0901BA0196925A4005FE9F8 /* AppDelegate.swift in Sources */ = {isa = PBXBuildFile; fileRef = C0901B9F196925A4005FE9F8 /* AppDelegate.swift */; };
		C0901BA3196925A4005FE9F8 /* JPBX.xcdatamodeld in Sources */ = {isa = PBXBuildFile; fileRef = C0901BA1196925A4005FE9F8 /* JPBX.xcdatamodeld */; };
		C0901BA5196925A4005FE9F8 /* Images.xcassets in Resources */ = {isa = PBXBuildFile; fileRef = C0901BA4196925A4005FE9F8 /* Images.xcassets */; };
		C0901BB1196925A4005FE9F8 /* JPBXTests.swift in Sources */ = {isa = PBXBuildFile; fileRef = C0901BB0196925A4005FE9F8 /* JPBXTests.swift */; };
		C0901BBB1969267E005FE9F8 /* CaltrainAPI.swift in Sources */ = {isa = PBXBuildFile; fileRef = C0901BBA1969267E005FE9F8 /* CaltrainAPI.swift */; };
/* End PBXBuildFile section */

/* Begin PBXContainerItemProxy section */
		C0901BAB196925A4005FE9F8 /* PBXContainerItemProxy */ = {
			isa = PBXContainerItemProxy;
			containerPortal = C0901B92196925A3005FE9F8 /* Project object */;
			proxyType = 1;
			remoteGlobalIDString = C0901B99196925A3005FE9F8;
			remoteInfo = JPBX;
		};
/* End PBXContainerItemProxy section */

/* Begin PBXFileReference section */
		C0901B9A196925A3005FE9F8 /* JPBX.app */ = {isa = PBXFileReference; explicitFileType = wrapper.application; includeInIndex = 0; path = JPBX.app; sourceTree = BUILT_PRODUCTS_DIR; };
		C0901B9E196925A4005FE9F8 /* Info.plist */ = {isa = PBXFileReference; lastKnownFileType = text.plist.xml; path = Info.plist; sourceTree = "<group>"; };
		C0901B9F196925A4005FE9F8 /* AppDelegate.swift */ = {isa = PBXFileReference; lastKnownFileType = sourcecode.swift; path = AppDelegate.swift; sourceTree = "<group>"; };
		C0901BA2196925A4005FE9F8 /* JPBX.xcdatamodel */ = {isa = PBXFileReference; lastKnownFileType = wrapper.xcdatamodel; path = JPBX.xcdatamodel; sourceTree = "<group>"; };
		C0901BA4196925A4005FE9F8 /* Images.xcassets */ = {isa = PBXFileReference; lastKnownFileType = folder.assetcatalog; path = Images.xcassets; sourceTree = "<group>"; };
		C0901BAA196925A4005FE9F8 /* JPBXTests.xctest */ = {isa = PBXFileReference; explicitFileType = wrapper.cfbundle; includeInIndex = 0; path = JPBXTests.xctest; sourceTree = BUILT_PRODUCTS_DIR; };
		C0901BAF196925A4005FE9F8 /* Info.plist */ = {isa = PBXFileReference; lastKnownFileType = text.plist.xml; path = Info.plist; sourceTree = "<group>"; };
		C0901BB0196925A4005FE9F8 /* JPBXTests.swift */ = {isa = PBXFileReference; lastKnownFileType = sourcecode.swift; path = JPBXTests.swift; sourceTree = "<group>"; };
		C0901BBA1969267E005FE9F8 /* CaltrainAPI.swift */ = {isa = PBXFileReference; fileEncoding = 4; lastKnownFileType = sourcecode.swift; path = CaltrainAPI.swift; sourceTree = "<group>"; };
/* End PBXFileReference section */

/* Begin PBXFrameworksBuildPhase section */
		C0901B97196925A3005FE9F8 /* Frameworks */ = {
			isa = PBXFrameworksBuildPhase;
			buildActionMask = 2147483647;
			files = (
			);
			runOnlyForDeploymentPostprocessing = 0;
		};
		C0901BA7196925A4005FE9F8 /* Frameworks */ = {
			isa = PBXFrameworksBuildPhase;
			buildActionMask = 2147483647;
			files = (
			);
			runOnlyForDeploymentPostprocessing = 0;
		};
/* End PBXFrameworksBuildPhase section */

/* Begin PBXGroup section */
		C0901B91196925A3005FE9F8 = {
			isa = PBXGroup;
			children = (
				C0901B9C196925A3005FE9F8 /* JPBX */,
				C0901BAD196925A4005FE9F8 /* JPBXTests */,
				C0901B9B196925A3005FE9F8 /* Products */,
			);
			sourceTree = "<group>";
		};
		C0901B9B196925A3005FE9F8 /* Products */ = {
			isa = PBXGroup;
			children = (
				C0901B9A196925A3005FE9F8 /* JPBX.app */,
				C0901BAA196925A4005FE9F8 /* JPBXTests.xctest */,
			);
			name = Products;
			sourceTree = "<group>";
		};
		C0901B9C196925A3005FE9F8 /* JPBX */ = {
			isa = PBXGroup;
			children = (
				C0901B9F196925A4005FE9F8 /* AppDelegate.swift */,
				C0901BA4196925A4005FE9F8 /* Images.xcassets */,
				C0901BA1196925A4005FE9F8 /* JPBX.xcdatamodeld */,
				C0901B9D196925A4005FE9F8 /* Supporting Files */,
				C0901BBA1969267E005FE9F8 /* CaltrainAPI.swift */,
			);
			path = JPBX;
			sourceTree = "<group>";
		};
		C0901B9D196925A4005FE9F8 /* Supporting Files */ = {
			isa = PBXGroup;
			children = (
				C0901B9E196925A4005FE9F8 /* Info.plist */,
			);
			name = "Supporting Files";
			sourceTree = "<group>";
		};
		C0901BAD196925A4005FE9F8 /* JPBXTests */ = {
			isa = PBXGroup;
			children = (
				C0901BB0196925A4005FE9F8 /* JPBXTests.swift */,
				C0901BAE196925A4005FE9F8 /* Supporting Files */,
			);
			path = JPBXTests;
			sourceTree = "<group>";
		};
		C0901BAE196925A4005FE9F8 /* Supporting Files */ = {
			isa = PBXGroup;
			children = (
				C0901BAF196925A4005FE9F8 /* Info.plist */,
			);
			name = "Supporting Files";
			sourceTree = "<group>";
		};
/* End PBXGroup section */

/* Begin PBXNativeTarget section */
		C0901B99196925A3005FE9F8 /* JPBX */ = {
			isa = PBXNativeTarget;
			buildConfigurationList = C0901BB4196925A4005FE9F8 /* Build configuration list for PBXNativeTarget "JPBX" */;
			buildPhases = (
				C0901B96196925A3005FE9F8 /* Sources */,
				C0901B97196925A3005FE9F8 /* Frameworks */,
				C0901B98196925A3005FE9F8 /* Resources */,
			);
			buildRules = (
			);
			dependencies = (
			);
			name = JPBX;
			productName = JPBX;
			productReference = C0901B9A196925A3005FE9F8 /* JPBX.app */;
			productType = "com.apple.product-type.application";
		};
		C0901BA9196925A4005FE9F8 /* JPBXTests */ = {
			isa = PBXNativeTarget;
			buildConfigurationList = C0901BB7196925A4005FE9F8 /* Build configuration list for PBXNativeTarget "JPBXTests" */;
			buildPhases = (
				C0901BA6196925A4005FE9F8 /* Sources */,
				C0901BA7196925A4005FE9F8 /* Frameworks */,
				C0901BA8196925A4005FE9F8 /* Resources */,
			);
			buildRules = (
			);
			dependencies = (
				C0901BAC196925A4005FE9F8 /* PBXTargetDependency */,
			);
			name = JPBXTests;
			productName = JPBXTests;
			productReference = C0901BAA196925A4005FE9F8 /* JPBXTests.xctest */;
			productType = "com.apple.product-type.bundle.unit-test";
		};
/* End PBXNativeTarget section */

/* Begin PBXProject section */
		C0901B92196925A3005FE9F8 /* Project object */ = {
			isa = PBXProject;
			attributes = {
				LastUpgradeCheck = 0600;
				ORGANIZATIONNAME = "Gabriel Rinaldi";
				TargetAttributes = {
					C0901B99196925A3005FE9F8 = {
						CreatedOnToolsVersion = 6.0;
						DevelopmentTeam = DCFUXK7B3L;
					};
					C0901BA9196925A4005FE9F8 = {
						CreatedOnToolsVersion = 6.0;
						TestTargetID = C0901B99196925A3005FE9F8;
					};
				};
			};
			buildConfigurationList = C0901B95196925A3005FE9F8 /* Build configuration list for PBXProject "JPBX" */;
			compatibilityVersion = "Xcode 3.2";
			developmentRegion = English;
			hasScannedForEncodings = 0;
			knownRegions = (
				en,
			);
			mainGroup = C0901B91196925A3005FE9F8;
			productRefGroup = C0901B9B196925A3005FE9F8 /* Products */;
			projectDirPath = "";
			projectRoot = "";
			targets = (
				C0901B99196925A3005FE9F8 /* JPBX */,
				C0901BA9196925A4005FE9F8 /* JPBXTests */,
			);
		};
/* End PBXProject section */

/* Begin PBXResourcesBuildPhase section */
		C0901B98196925A3005FE9F8 /* Resources */ = {
			isa = PBXResourcesBuildPhase;
			buildActionMask = 2147483647;
			files = (
				C0901BA5196925A4005FE9F8 /* Images.xcassets in Resources */,
			);
			runOnlyForDeploymentPostprocessing = 0;
		};
		C0901BA8196925A4005FE9F8 /* Resources */ = {
			isa = PBXResourcesBuildPhase;
			buildActionMask = 2147483647;
			files = (
			);
			runOnlyForDeploymentPostprocessing = 0;
		};
/* End PBXResourcesBuildPhase section */

/* Begin PBXSourcesBuildPhase section */
		C0901B96196925A3005FE9F8 /* Sources */ = {
			isa = PBXSourcesBuildPhase;
			buildActionMask = 2147483647;
			files = (
				C0901BA0196925A4005FE9F8 /* AppDelegate.swift in Sources */,
				C0901BA3196925A4005FE9F8 /* JPBX.xcdatamodeld in Sources */,
				C0901BBB1969267E005FE9F8 /* CaltrainAPI.swift in Sources */,
			);
			runOnlyForDeploymentPostprocessing = 0;
		};
		C0901BA6196925A4005FE9F8 /* Sources */ = {
			isa = PBXSourcesBuildPhase;
			buildActionMask = 2147483647;
			files = (
				C0901BB1196925A4005FE9F8 /* JPBXTests.swift in Sources */,
			);
			runOnlyForDeploymentPostprocessing = 0;
		};
/* End PBXSourcesBuildPhase section */

/* Begin PBXTargetDependency section */
		C0901BAC196925A4005FE9F8 /* PBXTargetDependency */ = {
			isa = PBXTargetDependency;
			target = C0901B99196925A3005FE9F8 /* JPBX */;
			targetProxy = C0901BAB196925A4005FE9F8 /* PBXContainerItemProxy */;
		};
/* End PBXTargetDependency section */

/* Begin XCBuildConfiguration section */
		C0901BB2196925A4005FE9F8 /* Debug */ = {
			isa = XCBuildConfiguration;
			buildSettings = {
				ALWAYS_SEARCH_USER_PATHS = NO;
				CLANG_CXX_LANGUAGE_STANDARD = "gnu++0x";
				CLANG_CXX_LIBRARY = "libc++";
				CLANG_ENABLE_MODULES = YES;
				CLANG_ENABLE_OBJC_ARC = YES;
				CLANG_WARN_BOOL_CONVERSION = YES;
				CLANG_WARN_CONSTANT_CONVERSION = YES;
				CLANG_WARN_DIRECT_OBJC_ISA_USAGE = YES_ERROR;
				CLANG_WARN_EMPTY_BODY = YES;
				CLANG_WARN_ENUM_CONVERSION = YES;
				CLANG_WARN_INT_CONVERSION = YES;
				CLANG_WARN_OBJC_ROOT_CLASS = YES_ERROR;
				CLANG_WARN_UNREACHABLE_CODE = YES;
				CLANG_WARN__DUPLICATE_METHOD_MATCH = YES;
				"CODE_SIGN_IDENTITY[sdk=iphoneos*]" = "iPhone Developer";
				COPY_PHASE_STRIP = NO;
				ENABLE_STRICT_OBJC_MSGSEND = YES;
				GCC_C_LANGUAGE_STANDARD = gnu99;
				GCC_DYNAMIC_NO_PIC = NO;
				GCC_OPTIMIZATION_LEVEL = 0;
				GCC_PREPROCESSOR_DEFINITIONS = (
					"DEBUG=1",
					"$(inherited)",
				);
				GCC_SYMBOLS_PRIVATE_EXTERN = NO;
				GCC_WARN_64_TO_32_BIT_CONVERSION = YES;
				GCC_WARN_ABOUT_RETURN_TYPE = YES_ERROR;
				GCC_WARN_UNDECLARED_SELECTOR = YES;
				GCC_WARN_UNINITIALIZED_AUTOS = YES_AGGRESSIVE;
				GCC_WARN_UNUSED_FUNCTION = YES;
				GCC_WARN_UNUSED_VARIABLE = YES;
				IPHONEOS_DEPLOYMENT_TARGET = 8.0;
				METAL_ENABLE_DEBUG_INFO = YES;
				ONLY_ACTIVE_ARCH = YES;
				SDKROOT = iphoneos;
				SWIFT_OPTIMIZATION_LEVEL = "-Onone";
			};
			name = Debug;
		};
		C0901BB3196925A4005FE9F8 /* Release */ = {
			isa = XCBuildConfiguration;
			buildSettings = {
				ALWAYS_SEARCH_USER_PATHS = NO;
				CLANG_CXX_LANGUAGE_STANDARD = "gnu++0x";
				CLANG_CXX_LIBRARY = "libc++";
				CLANG_ENABLE_MODULES = YES;
				CLANG_ENABLE_OBJC_ARC = YES;
				CLANG_WARN_BOOL_CONVERSION = YES;
				CLANG_WARN_CONSTANT_CONVERSION = YES;
				CLANG_WARN_DIRECT_OBJC_ISA_USAGE = YES_ERROR;
				CLANG_WARN_EMPTY_BODY = YES;
				CLANG_WARN_ENUM_CONVERSION = YES;
				CLANG_WARN_INT_CONVERSION = YES;
				CLANG_WARN_OBJC_ROOT_CLASS = YES_ERROR;
				CLANG_WARN_UNREACHABLE_CODE = YES;
				CLANG_WARN__DUPLICATE_METHOD_MATCH = YES;
				"CODE_SIGN_IDENTITY[sdk=iphoneos*]" = "iPhone Developer";
				COPY_PHASE_STRIP = YES;
				ENABLE_NS_ASSERTIONS = NO;
				ENABLE_STRICT_OBJC_MSGSEND = YES;
				GCC_C_LANGUAGE_STANDARD = gnu99;
				GCC_WARN_64_TO_32_BIT_CONVERSION = YES;
				GCC_WARN_ABOUT_RETURN_TYPE = YES_ERROR;
				GCC_WARN_UNDECLARED_SELECTOR = YES;
				GCC_WARN_UNINITIALIZED_AUTOS = YES_AGGRESSIVE;
				GCC_WARN_UNUSED_FUNCTION = YES;
				GCC_WARN_UNUSED_VARIABLE = YES;
				IPHONEOS_DEPLOYMENT_TARGET = 8.0;
				METAL_ENABLE_DEBUG_INFO = NO;
				SDKROOT = iphoneos;
				VALIDATE_PRODUCT = YES;
			};
			name = Release;
		};
		C0901BB5196925A4005FE9F8 /* Debug */ = {
			isa = XCBuildConfiguration;
			buildSettings = {
				ASSETCATALOG_COMPILER_APPICON_NAME = AppIcon;
				ASSETCATALOG_COMPILER_LAUNCHIMAGE_NAME = LaunchImage;
				CODE_SIGN_IDENTITY = "iPhone Developer";
				INFOPLIST_FILE = JPBX/Info.plist;
				LD_RUNPATH_SEARCH_PATHS = "$(inherited) @executable_path/Frameworks";
				PRODUCT_NAME = "$(TARGET_NAME)";
			};
			name = Debug;
		};
		C0901BB6196925A4005FE9F8 /* Release */ = {
			isa = XCBuildConfiguration;
			buildSettings = {
				ASSETCATALOG_COMPILER_APPICON_NAME = AppIcon;
				ASSETCATALOG_COMPILER_LAUNCHIMAGE_NAME = LaunchImage;
				CODE_SIGN_IDENTITY = "iPhone Developer";
				INFOPLIST_FILE = JPBX/Info.plist;
				LD_RUNPATH_SEARCH_PATHS = "$(inherited) @executable_path/Frameworks";
				PRODUCT_NAME = "$(TARGET_NAME)";
			};
			name = Release;
		};
		C0901BB8196925A4005FE9F8 /* Debug */ = {
			isa = XCBuildConfiguration;
			buildSettings = {
				BUNDLE_LOADER = "$(BUILT_PRODUCTS_DIR)/JPBX.app/JPBX";
				FRAMEWORK_SEARCH_PATHS = (
					"$(SDKROOT)/Developer/Library/Frameworks",
					"$(inherited)",
				);
				GCC_PREPROCESSOR_DEFINITIONS = (
					"DEBUG=1",
					"$(inherited)",
				);
				INFOPLIST_FILE = JPBXTests/Info.plist;
				LD_RUNPATH_SEARCH_PATHS = "$(inherited) @executable_path/Frameworks @loader_path/Frameworks";
				METAL_ENABLE_DEBUG_INFO = YES;
				PRODUCT_NAME = "$(TARGET_NAME)";
				TEST_HOST = "$(BUNDLE_LOADER)";
			};
			name = Debug;
		};
		C0901BB9196925A4005FE9F8 /* Release */ = {
			isa = XCBuildConfiguration;
			buildSettings = {
				BUNDLE_LOADER = "$(BUILT_PRODUCTS_DIR)/JPBX.app/JPBX";
				FRAMEWORK_SEARCH_PATHS = (
					"$(SDKROOT)/Developer/Library/Frameworks",
					"$(inherited)",
				);
				INFOPLIST_FILE = JPBXTests/Info.plist;
				LD_RUNPATH_SEARCH_PATHS = "$(inherited) @executable_path/Frameworks @loader_path/Frameworks";
				METAL_ENABLE_DEBUG_INFO = NO;
				PRODUCT_NAME = "$(TARGET_NAME)";
				TEST_HOST = "$(BUNDLE_LOADER)";
			};
			name = Release;
		};
/* End XCBuildConfiguration section */

/* Begin XCConfigurationList section */
		C0901B95196925A3005FE9F8 /* Build configuration list for PBXProject "JPBX" */ = {
			isa = XCConfigurationList;
			buildConfigurations = (
				C0901BB2196925A4005FE9F8 /* Debug */,
				C0901BB3196925A4005FE9F8 /* Release */,
			);
			defaultConfigurationIsVisible = 0;
			defaultConfigurationName = Release;
		};
		C0901BB4196925A4005FE9F8 /* Build configuration list for PBXNativeTarget "JPBX" */ = {
			isa = XCConfigurationList;
			buildConfigurations = (
				C0901BB5196925A4005FE9F8 /* Debug */,
				C0901BB6196925A4005FE9F8 /* Release */,
			);
			defaultConfigurationIsVisible = 0;
		};
		C0901BB7196925A4005FE9F8 /* Build configuration list for PBXNativeTarget "JPBXTests" */ = {
			isa = XCConfigurationList;
			buildConfigurations = (
				C0901BB8196925A4005FE9F8 /* Debug */,
				C0901BB9196925A4005FE9F8 /* Release */,
			);
			defaultConfigurationIsVisible = 0;
		};
/* End XCConfigurationList section */

/* Begin XCVersionGroup section */
		C0901BA1196925A4005FE9F8 /* JPBX.xcdatamodeld */ = {
			isa = XCVersionGroup;
			children = (
				C0901BA2196925A4005FE9F8 /* JPBX.xcdatamodel */,
			);
			currentVersion = C0901BA2196925A4005FE9F8 /* JPBX.xcdatamodel */;
			path = JPBX.xcdatamodeld;
			sourceTree = "<group>";
			versionGroupType = wrapper.xcdatamodel;
		};
/* End XCVersionGroup section */
	};
	rootObject = C0901B92196925A3005FE9F8 /* Project object */;
}
